{
  "name": "gamehub-web",
  "version": "0.0.0",
  "lockfileVersion": 3,
  "requires": true,
  "packages": {
    "": {
      "name": "gamehub-web",
      "version": "0.0.0",
      "devDependencies": {
        "vite": "^8.0.1"
      }
    },
    "node_modules/@emnapi/core": {
      "version": "1.9.1",
      "resolved": "http://r.npm.sankuai.com/@emnapi/core/download/@emnapi/core-1.9.1.tgz",
      "integrity": "sha1-IUMGnHRMokQgdPgHhGLlHt1jx70=",
      "dev": true,
      "license": "MIT",
      "optional": true,
      "dependencies": {
        "@emnapi/wasi-threads": "1.2.0",
        "tslib": "^2.4.0"
      }
    },
    "node_modules/@emnapi/runtime": {
      "version": "1.9.1",
      "resolved": "http://r.npm.sankuai.com/@emnapi/runtime/download/@emnapi/runtime-1.9.1.tgz",
      "integrity": "sha1-EV/yoNWJhlvmvY6dcB5JnEc/Ko0=",
      "dev": true,
      "license": "MIT",
      "optional": true,
      "dependencies": {
        "tslib": "^2.4.0"
      }
    },
    "node_modules/@emnapi/wasi-threads": {
      "version": "1.2.0",
      "resolved": "http://r.npm.sankuai.com/@emnapi/wasi-threads/download/@emnapi/wasi-threads-1.2.0.tgz",
      "integrity": "sha1-oZ2Xcsw9GVNwv24qgF7sQKp14Y4=",
      "dev": true,
      "license": "MIT",
      "optional": true,
      "dependencies": {
        "tslib": "^2.4.0"
      }
    },
    "node_modules/@napi-rs/wasm-runtime": {
      "version": "1.1.1",
      "resolved": "http://r.npm.sankuai.com/@napi-rs/wasm-runtime/download/@napi-rs/wasm-runtime-1.1.1.tgz",
      "integrity": "sha1-w3BatUnRdrjcUXJyPWFWw9xCavI=",
      "dev": true,
      "license": "MIT",
      "optional": true,
      "dependencies": {
        "@emnapi/core": "^1.7.1",
        "@emnapi/runtime": "^1.7.1",
        "@tybys/wasm-util": "^0.10.1"
      },
      "funding": {
        "type": "github",
        "url": "https://github.com/sponsors/Brooooooklyn"
      }
    },
    "node_modules/@oxc-project/types": {
      "version": "0.120.0",
      "resolved": "http://r.npm.sankuai.com/@oxc-project/types/download/@oxc-project/types-0.120.0.tgz",
      "integrity": "sha1-r1IbDmid0OqgT+T+75to2Yt0eD0=",
      "dev": true,
      "license": "MIT",
      "funding": {
        "url": "https://github.com/sponsors/Boshen"
      }
    },
    "node_modules/@rolldown/binding-android-arm64": {
      "version": "1.0.0-rc.10",
      "resolved": "http://r.npm.sankuai.com/@rolldown/binding-android-arm64/download/@rolldown/binding-android-arm64-1.0.0-rc.10.tgz",
      "integrity": "sha1-C70zgPSabQ3JbJsy+32tJq4N+qc=",
      "cpu": [
        "arm64"
      ],
      "dev": true,
      "license": "MIT",
      "optional": true,
      "os": [
        "android"
      ],
      "engines": {
        "node": "^20.19.0 || >=22.12.0"
      }
    },
    "node_modules/@rolldown/binding-darwin-arm64": {
      "version": "1.0.0-rc.10",
      "resolved": "http://r.npm.sankuai.com/@rolldown/binding-darwin-arm64/download/@rolldown/binding-darwin-arm64-1.0.0-rc.10.tgz",
      "integrity": "sha1-owsFF4T7sTY15lK6QEHGznpM56s=",
      "cpu": [
        "arm64"
      ],
      "dev": true,
      "license": "MIT",
      "optional": true,
      "os": [
        "darwin"
      ],
      "engines": {
        "node": "^20.19.0 || >=22.12.0"
      }
    },
    "node_modules/@rolldown/binding-darwin-x64": {
      "version": "1.0.0-rc.10",
      "resolved": "http://r.npm.sankuai.com/@rolldown/binding-darwin-x64/download/@rolldown/binding-darwin-x64-1.0.0-rc.10.tgz",
      "integrity": "sha1-LZ3qmC1b6QuVttiDb/JqSwlZ2Us=",
      "cpu": [
        "x64"
      ],
      "dev": true,
      "license": "MIT",
      "optional": true,
      "os": [
        "darwin"
      ],
      "engines": {
        "node": "^20.19.0 || >=22.12.0"
      }
    },
    "node_modules/@rolldown/binding-freebsd-x64": {
      "version": "1.0.0-rc.10",
      "resolved": "http://r.npm.sankuai.com/@rolldown/binding-freebsd-x64/download/@rolldown/binding-freebsd-x64-1.0.0-rc.10.tgz",
      "integrity": "sha1-Tvw6ykOuTfuQcp7spuhO9uazjEo=",
      "cpu": [
        "x64"
      ],
      "dev": true,
      "license": "MIT",
      "optional": true,
      "os": [
        "freebsd"
      ],
      "engines": {
        "node": "^20.19.0 || >=22.12.0"
      }
    },
    "node_modules/@rolldown/binding-linux-arm-gnueabihf": {
      "version": "1.0.0-rc.10",
      "resolved": "http://r.npm.sankuai.com/@rolldown/binding-linux-arm-gnueabihf/download/@rolldown/binding-linux-arm-gnueabihf-1.0.0-rc.10.tgz",
      "integrity": "sha1-Shml0kU36SWyXpWDts1XWyrZ+ic=",
      "cpu": [
        "arm"
      ],
      "dev": true,
      "license": "MIT",
      "optional": true,
      "os": [
        "linux"
      ],
      "engines": {
        "node": "^20.19.0 || >=22.12.0"
      }
    },
    "node_modules/@rolldown/binding-linux-arm64-gnu": {
      "version": "1.0.0-rc.10",
      "resolved": "http://r.npm.sankuai.com/@rolldown/binding-linux-arm64-gnu/download/@rolldown/binding-linux-arm64-gnu-1.0.0-rc.10.tgz",
      "integrity": "sha1-AaQeXpBYODU66aPaENyCQtzWFFM=",
      "cpu": [
        "arm64"
      ],
      "dev": true,
      "license": "MIT",
      "optional": true,
      "os": [
        "linux"
      ],
      "engines": {
        "node": "^20.19.0 || >=22.12.0"
      }
    },
    "node_modules/@rolldown/binding-linux-arm64-musl": {
      "version": "1.0.0-rc.10",
      "resolved": "http://r.npm.sankuai.com/@rolldown/binding-linux-arm64-musl/download/@rolldown/binding-linux-arm64-musl-1.0.0-rc.10.tgz",
      "integrity": "sha1-vQWeX4NHHeKc41sLolSZXYCRykA=",
      "cpu": [
        "arm64"
      ],
      "dev": true,
      "license": "MIT",
      "optional": true,
      "os": [
        "linux"
      ],
      "engines": {
        "node": "^20.19.0 || >=22.12.0"
      }
    },
    "node_modules/@rolldown/binding-linux-ppc64-gnu": {
      "version": "1.0.0-rc.10",
      "resolved": "http://r.npm.sankuai.com/@rolldown/binding-linux-ppc64-gnu/download/@rolldown/binding-linux-ppc64-gnu-1.0.0-rc.10.tgz",
      "integrity": "sha1-/nJqVAYxAV8mmpicDPspkoMZA5A=",
      "cpu": [
        "ppc64"
      ],
      "dev": true,
      "license": "MIT",
      "optional": true,
      "os": [
        "linux"
      ],
      "engines": {
        "node": "^20.19.0 || >=22.12.0"
      }
    },
    "node_modules/@rolldown/binding-linux-s390x-gnu": {
      "version": "1.0.0-rc.10",
      "resolved": "http://r.npm.sankuai.com/@rolldown/binding-linux-s390x-gnu/download/@rolldown/binding-linux-s390x-gnu-1.0.0-rc.10.tgz",
      "integrity": "sha1-glztAoutPx+pzoOx89rHbgQkNn8=",
      "cpu": [
        "s390x"
      ],
      "dev": true,
      "license": "MIT",
      "optional": true,
      "os": [
        "linux"
      ],
      "engines": {
        "node": "^20.19.0 || >=22.12.0"
      }
    },
    "node_modules/@rolldown/binding-linux-x64-gnu": {
      "version": "1.0.0-rc.10",
      "resolved": "http://r.npm.sankuai.com/@rolldown/binding-linux-x64-gnu/download/@rolldown/binding-linux-x64-gnu-1.0.0-rc.10.tgz",
      "integrity": "sha1-twDa5pJ0qj1UoWyl4A4w9HoIkRk=",
      "cpu": [
        "x64"
      ],
      "dev": true,
      "license": "MIT",
      "optional": true,
      "os": [
        "linux"
      ],
      "engines": {
        "node": "^20.19.0 || >=22.12.0"
      }
    },
    "node_modules/@rolldown/binding-linux-x64-musl": {
      "version": "1.0.0-rc.10",
      "resolved": "http://r.npm.sankuai.com/@rolldown/binding-linux-x64-musl/download/@rolldown/binding-linux-x64-musl-1.0.0-rc.10.tgz",
      "integrity": "sha1-64dWYK1oojSKyrNqcAVpnof26d0=",
      "cpu": [
        "x64"
      ],
      "dev": true,
      "license": "MIT",
      "optional": true,
      "os": [
        "linux"
      ],
      "engines": {
        "node": "^20.19.0 || >=22.12.0"
      }
    },
    "node_modules/@rolldown/binding-openharmony-arm64": {
      "version": "1.0.0-rc.10",
      "resolved": "http://r.npm.sankuai.com/@rolldown/binding-openharmony-arm64/download/@rolldown/binding-openharmony-arm64-1.0.0-rc.10.tgz",
      "integrity": "sha1-cqoktBL4MCUIe8+DzgljSyvZPFw=",
      "cpu": [
        "arm64"
      ],
      "dev": true,
      "license": "MIT",
      "optional": true,
      "os": [
        "openharmony"
      ],
      "engines": {
        "node": "^20.19.0 || >=22.12.0"
      }
    },
    "node_modules/@rolldown/binding-wasm32-wasi": {
      "version": "1.0.0-rc.10",
      "resolved": "http://r.npm.sankuai.com/@rolldown/binding-wasm32-wasi/download/@rolldown/binding-wasm32-wasi-1.0.0-rc.10.tgz",
      "integrity": "sha1-fzMDqWxdwB0fTFObHcvBY5LG8X0=",
      "cpu": [
        "wasm32"
      ],
      "dev": true,
      "license": "MIT",
      "optional": true,
      "dependencies": {
        "@napi-rs/wasm-runtime": "^1.1.1"
      },
      "engines": {
        "node": ">=14.0.0"
      }
    },
    "node_modules/@rolldown/binding-win32-arm64-msvc": {
      "version": "1.0.0-rc.10",
      "resolved": "http://r.npm.sankuai.com/@rolldown/binding-win32-arm64-msvc/download/@rolldown/binding-win32-arm64-msvc-1.0.0-rc.10.tgz",
      "integrity": "sha1-NBkUSgStEsacSFNrAfwhrJ2H7PQ=",
      "cpu": [
        "arm64"
      ],
      "dev": true,
      "license": "MIT",
      "optional": true,
      "os": [
        "win32"
      ],
      "engines": {
        "node": "^20.19.0 || >=22.12.0"
      }
    },
    "node_modules/@rolldown/binding-win32-x64-msvc": {
      "version": "1.0.0-rc.10",
      "resolved": "http://r.npm.sankuai.com/@rolldown/binding-win32-x64-msvc/download/@rolldown/binding-win32-x64-msvc-1.0.0-rc.10.tgz",
      "integrity": "sha1-Cb7kbmoyxghr7qvD2hLme+cU+II=",
      "cpu": [
        "x64"
      ],
      "dev": true,
      "license": "MIT",
      "optional": true,
      "os": [
        "win32"
      ],
      "engines": {
        "node": "^20.19.0 || >=22.12.0"
      }
    },
    "node_modules/@rolldown/pluginutils": {
      "version": "1.0.0-rc.10",
      "resolved": "http://r.npm.sankuai.com/@rolldown/pluginutils/download/@rolldown/pluginutils-1.0.0-rc.10.tgz",
      "integrity": "sha1-7tmX83+SijMAu+IWH0JofYo651k=",
      "dev": true,
      "license": "MIT"
    },
    "node_modules/@tybys/wasm-util": {
      "version": "0.10.1",
      "resolved": "http://r.npm.sankuai.com/@tybys/wasm-util/download/@tybys/wasm-util-0.10.1.tgz",
      "integrity": "sha1-7N3TIFzx4tUnRkn/Du3SmR7X9BQ=",
      "dev": true,
      "license": "MIT",
      "optional": true,
      "dependencies": {
        "tslib": "^2.4.0"
      }
    },
    "node_modules/detect-libc": {
      "version": "2.1.2",
      "resolved": "http://r.npm.sankuai.com/detect-libc/download/detect-libc-2.1.2.tgz",
      "integrity": "sha1-aJxdzcGQDvVYOky59te0c3QgdK0=",
      "dev": true,
      "license": "Apache-2.0",
      "engines": {
        "node": ">=8"
      }
    },
    "node_modules/fdir": {
      "version": "6.5.0",
      "resolved": "http://r.npm.sankuai.com/fdir/download/fdir-6.5.0.tgz",
      "integrity": "sha1-7Sq5Z6MxreYvGNB32uGSaE1Q01A=",
      "dev": true,
      "license": "MIT",
      "engines": {
        "node": ">=12.0.0"
      },
      "peerDependencies": {
        "picomatch": "^3 || ^4"
      },
      "peerDependenciesMeta": {
        "picomatch": {
          "optional": true
        }
      }
    },
    "node_modules/fsevents": {
      "version": "2.3.3",
      "resolved": "http://r.npm.sankuai.com/fsevents/download/fsevents-2.3.3.tgz",
      "integrity": "sha1-ysZAd4XQNnWipeGlMFxpezR9kNY=",
      "dev": true,
      "hasInstallScript": true,
      "license": "MIT",
      "optional": true,
      "os": [
        "darwin"
      ],
      "engines": {
        "node": "^8.16.0 || ^10.6.0 || >=11.0.0"
      }
    },
    "node_modules/lightningcss": {
      "version": "1.32.0",
      "resolved": "http://r.npm.sankuai.com/lightningcss/download/lightningcss-1.32.0.tgz",
      "integrity": "sha1-uFqulkhtyxv0mnyFcSISc/Tx5Kk=",
      "dev": true,
      "license": "MPL-2.0",
      "dependencies": {
        "detect-libc": "^2.0.3"
      },
      "engines": {
        "node": ">= 12.0.0"
      },
      "funding": {
        "type": "opencollective",
        "url": "https://opencollective.com/parcel"
      },
      "optionalDependencies": {
        "lightningcss-android-arm64": "1.32.0",
        "lightningcss-darwin-arm64": "1.32.0",
        "lightningcss-darwin-x64": "1.32.0",
        "lightningcss-freebsd-x64": "1.32.0",
        "lightningcss-linux-arm-gnueabihf": "1.32.0",
        "lightningcss-linux-arm64-gnu": "1.32.0",
        "lightningcss-linux-arm64-musl": "1.32.0",
        "lightningcss-linux-x64-gnu": "1.32.0",
        "lightningcss-linux-x64-musl": "1.32.0",
        "lightningcss-win32-arm64-msvc": "1.32.0",
        "lightningcss-win32-x64-msvc": "1.32.0"
      }
    },
    "node_modules/lightningcss-android-arm64": {
      "version": "1.32.0",
      "resolved": "http://r.npm.sankuai.com/lightningcss-android-arm64/download/lightningcss-android-arm64-1.32.0.tgz",
      "integrity": "sha1-8DOIURbf79nG9UeHUj41FLYeGWg=",
      "cpu": [
        "arm64"
      ],
      "dev": true,
      "license": "MPL-2.0",
      "optional": true,
      "os": [
        "android"
      ],
      "engines": {
        "node": ">= 12.0.0"
      },
      "funding": {
        "type": "opencollective",
        "url": "https://opencollective.com/parcel"
      }
    },
    "node_modules/lightningcss-darwin-arm64": {
      "version": "1.32.0",
      "resolved": "http://r.npm.sankuai.com/lightningcss-darwin-arm64/download/lightningcss-darwin-arm64-1.32.0.tgz",
      "integrity": "sha1-ULcYcbAcgZlYS2SeKSVH+up6+bU=",
      "cpu": [
        "arm64"
      ],
      "dev": true,
      "license": "MPL-2.0",
      "optional": true,
      "os": [
        "darwin"
      ],
      "engines": {
        "node": ">= 12.0.0"
      },
      "funding": {
        "type": "opencollective",
        "url": "https://opencollective.com/parcel"
      }
    },
    "node_modules/lightningcss-darwin-x64": {
      "version": "1.32.0",
      "resolved": "http://r.npm.sankuai.com/lightningcss-darwin-x64/download/lightningcss-darwin-x64-1.32.0.tgz",
      "integrity": "sha1-NfPpczLRMLnKGB4RtWje1q68bV4=",
      "cpu": [
        "x64"
      ],
      "dev": true,
      "license": "MPL-2.0",
      "optional": true,
      "os": [
        "darwin"
      ],
      "engines": {
        "node": ">= 12.0.0"
      },
      "funding": {
        "type": "opencollective",
        "url": "https://opencollective.com/parcel"
      }
    },
    "node_modules/lightningcss-freebsd-x64": {
      "version": "1.32.0",
      "resolved": "http://r.npm.sankuai.com/lightningcss-freebsd-x64/download/lightningcss-freebsd-x64-1.32.0.tgz",
      "integrity": "sha1-l3enZHK2Ttb/lDQq1kx7r9eUpXU=",
      "cpu": [
        "x64"
      ],
      "dev": true,
      "license": "MPL-2.0",
      "optional": true,
      "os": [
        "freebsd"
      ],
      "engines": {
        "node": ">= 12.0.0"
      },
      "funding": {
        "type": "opencollective",
        "url": "https://opencollective.com/parcel"
      }
    },
    "node_modules/lightningcss-linux-arm-gnueabihf": {
      "version": "1.32.0",
      "resolved": "http://r.npm.sankuai.com/lightningcss-linux-arm-gnueabihf/download/lightningcss-linux-arm-gnueabihf-1.32.0.tgz",
      "integrity": "sha1-E65lLhq3O5E117faFy9mbEEK1T0=",
      "cpu": [
        "arm"
      ],
      "dev": true,
      "license": "MPL-2.0",
      "optional": true,
      "os": [
        "linux"
      ],
      "engines": {
        "node": ">= 12.0.0"
      },
      "funding": {
        "type": "opencollective",
        "url": "https://opencollective.com/parcel"
      }
    },
    "node_modules/lightningcss-linux-arm64-gnu": {
      "version": "1.32.0",
      "resolved": "http://r.npm.sankuai.com/lightningcss-linux-arm64-gnu/download/lightningcss-linux-arm64-gnu-1.32.0.tgz",
      "integrity": "sha1-QXhYeVqUWS9oASOhsfnaig4e8zU=",
      "cpu": [
        "arm64"
      ],
      "dev": true,
      "license": "MPL-2.0",
      "optional": true,
      "os": [
        "linux"
      ],
      "engines": {
        "node": ">= 12.0.0"
      },
      "funding": {
        "type": "opencollective",
        "url": "https://opencollective.com/parcel"
      }
    },
    "node_modules/lightningcss-linux-arm64-musl": {
      "version": "1.32.0",
      "resolved": "http://r.npm.sankuai.com/lightningcss-linux-arm64-musl/download/lightningcss-linux-arm64-musl-1.32.0.tgz",
      "integrity": "sha1-a+NmkugQtxgECAL9gJYjz/5zITM=",
      "cpu": [
        "arm64"
      ],
      "dev": true,
      "license": "MPL-2.0",
      "optional": true,
      "os": [
        "linux"
      ],
      "engines": {
        "node": ">= 12.0.0"
      },
      "funding": {
        "type": "opencollective",
        "url": "https://opencollective.com/parcel"
      }
    },
    "node_modules/lightningcss-linux-x64-gnu": {
      "version": "1.32.0",
      "resolved": "http://r.npm.sankuai.com/lightningcss-linux-x64-gnu/download/lightningcss-linux-x64-gnu-1.32.0.tgz",
      "integrity": "sha1-C3gDr06yHP043Tn+Kru1PH3QkfY=",
      "cpu": [
        "x64"
      ],
      "dev": true,
      "license": "MPL-2.0",
      "optional": true,
      "os": [
        "linux"
      ],
      "engines": {
        "node": ">= 12.0.0"
      },
      "funding": {
        "type": "opencollective",
        "url": "https://opencollective.com/parcel"
      }
    },
    "node_modules/lightningcss-linux-x64-musl": {
      "version": "1.32.0",
      "resolved": "http://r.npm.sankuai.com/lightningcss-linux-x64-musl/download/lightningcss-linux-x64-musl-1.32.0.tgz",
      "integrity": "sha1-iNyLqGXd3bGsXvBLDxYYBEGMFjs=",
      "cpu": [
        "x64"
      ],
      "dev": true,
      "license": "MPL-2.0",
      "optional": true,
      "os": [
        "linux"
      ],
      "engines": {
        "node": ">= 12.0.0"
      },
      "funding": {
        "type": "opencollective",
        "url": "https://opencollective.com/parcel"
      }
    },
    "node_modules/nanoid": {
      "version": "3.3.11",
      "resolved": "http://r.npm.sankuai.com/nanoid/download/nanoid-3.3.11.tgz",
      "integrity": "sha1-T08RLO++MDIC8hmYOBKJNiZtGFs=",
      "dev": true,
      "funding": [
        {
          "type": "github",
          "url": "https://github.com/sponsors/ai"
        }
      ],
      "license": "MIT",
      "bin": {
        "nanoid": "bin/nanoid.cjs"
      },
      "engines": {
        "node": "^10 || ^12 || ^13.7 || ^14 || >=15.0.1"
      }
    },
    "node_modules/picocolors": {
      "version": "1.1.1",
      "resolved": "http://r.npm.sankuai.com/picocolors/download/picocolors-1.1.1.tgz",
      "integrity": "sha1-PTIa8+q5ObCDyPkpodEs2oHCa2s=",
      "dev": true,
      "license": "ISC"
    },
    "node_modules/picomatch": {
      "version": "4.0.4",
      "resolved": "http://r.npm.sankuai.com/picomatch/download/picomatch-4.0.4.tgz",
      "integrity": "sha1-/W9eAKFDCG4HTf/kySS4+yk7BYk=",
      "dev": true,
      "license": "MIT",
      "engines": {
        "node": ">=12"
      },
      "funding": {
        "url": "https://github.com/sponsors/jonschlinkert"
      }
    },
    "node_modules/postcss": {
      "version": "8.5.8",
      "resolved": "http://r.npm.sankuai.com/postcss/download/postcss-8.5.8.tgz",
      "integrity": "sha1-YjDsyPsC56D2mC5TmQk3hX4T85k=",
      "dev": true,
      "funding": [
        {
          "type": "opencollective",
          "url": "https://opencollective.com/postcss/"
        },
        {
          "type": "tidelift",
          "url": "https://tidelift.com/funding/github/npm/postcss"
        },
        {
          "type": "github",
          "url": "https://github.com/sponsors/ai"
        }
      ],
      "license": "MIT",
      "dependencies": {
        "nanoid": "^3.3.11",
        "picocolors": "^1.1.1",
        "source-map-js": "^1.2.1"
      },
      "engines": {
        "node": "^10 || ^12 || >=14"
      }
    },
    "node_modules/rolldown": {
      "version": "1.0.0-rc.10",
      "resolved": "http://r.npm.sankuai.com/rolldown/download/rolldown-1.0.0-rc.10.tgz",
      "integrity": "sha1-QcVeUtgzxSyQExlzBHJQVI418r8=",
      "dev": true,
      "license": "MIT",
      "dependencies": {
        "@oxc-project/types": "=0.120.0",
        "@rolldown/pluginutils": "1.0.0-rc.10"
      },
      "bin": {
        "rolldown": "bin/cli.mjs"
      },
      "engines": {
        "node": "^20.19.0 || >=22.12.0"
      },
      "optionalDependencies": {
        "@rolldown/binding-android-arm64": "1.0.0-rc.10",
        "@rolldown/binding-darwin-arm64": "1.0.0-rc.10",
        "@rolldown/binding-darwin-x64": "1.0.0-rc.10",
        "@rolldown/binding-freebsd-x64": "1.0.0-rc.10",
        "@rolldown/binding-linux-arm-gnueabihf": "1.0.0-rc.10",
        "@rolldown/binding-linux-arm64-gnu": "1.0.0-rc.10",
        "@rolldown/binding-linux-arm64-musl": "1.0.0-rc.10",
        "@rolldown/binding-linux-ppc64-gnu": "1.0.0-rc.10",
        "@rolldown/binding-linux-s390x-gnu": "1.0.0-rc.10",
        "@rolldown/binding-linux-x64-gnu": "1.0.0-rc.10",
        "@rolldown/binding-linux-x64-musl": "1.0.0-rc.10",
        "@rolldown/binding-openharmony-arm64": "1.0.0-rc.10",
        "@rolldown/binding-wasm32-wasi": "1.0.0-rc.10",
        "@rolldown/binding-win32-arm64-msvc": "1.0.0-rc.10",
        "@rolldown/binding-win32-x64-msvc": "1.0.0-rc.10"
      }
    },
    "node_modules/source-map-js": {
      "version": "1.2.1",
      "resolved": "http://r.npm.sankuai.com/source-map-js/download/source-map-js-1.2.1.tgz",
      "integrity": "sha1-HOVlD93YerwJnto33P8CTCZnrkY=",
      "dev": true,
      "license": "BSD-3-Clause",
      "engines": {
        "node": ">=0.10.0"
      }
    },
    "node_modules/tinyglobby": {
      "version": "0.2.15",
      "resolved": "http://r.npm.sankuai.com/tinyglobby/download/tinyglobby-0.2.15.tgz",
      "integrity": "sha1-4ijdHmOM6pk9L9tPzS1GAqeZUcI=",
      "dev": true,
      "license": "MIT",
      "dependencies": {
        "fdir": "^6.5.0",
        "picomatch": "^4.0.3"
      },
      "engines": {
        "node": ">=12.0.0"
      },
      "funding": {
        "url": "https://github.com/sponsors/SuperchupuDev"
      }
    },
    "node_modules/tslib": {
      "version": "2.8.1",
      "resolved": "http://r.npm.sankuai.com/tslib/download/tslib-2.8.1.tgz",
      "integrity": "sha1-YS7+TtI11Wfoq6Xypfq3AoCt6D8=",
      "dev": true,
      "license": "0BSD",
      "optional": true
    },
    "node_modules/vite": {
      "version": "8.0.1",
      "resolved": "http://r.npm.sankuai.com/vite/download/vite-8.0.1.tgz",
      "integrity": "sha1-AVzvmnR8B8DPnPVT83VxiFUE6dM=",
      "dev": true,
      "license": "MIT",
      "dependencies": {
        "lightningcss": "^1.32.0",
        "picomatch": "^4.0.3",
        "postcss": "^8.5.8",
        "rolldown": "1.0.0-rc.10",
        "tinyglobby": "^0.2.15"
      },
      "bin": {
        "vite": "bin/vite.js"
      },
      "engines": {
        "node": "^20.19.0 || >=22.12.0"
      },
      "funding": {
        "url": "https://github.com/vitejs/vite?sponsor=1"
      },
      "optionalDependencies": {
        "fsevents": "~2.3.3"
      },
      "peerDependencies": {
        "@types/node": "^20.19.0 || >=22.12.0",
        "@vitejs/devtools": "^0.1.0",
        "esbuild": "^0.27.0",
        "jiti": ">=1.21.0",
        "less": "^4.0.0",
        "sass": "^1.70.0",
        "sass-embedded": "^1.70.0",
        "stylus": ">=0.54.8",
        "sugarss": "^5.0.0",
        "terser": "^5.16.0",
        "tsx": "^4.8.1",
        "yaml": "^2.4.2"
      },
      "peerDependenciesMeta": {
        "@types/node": {
          "optional": true
        },
        "@vitejs/devtools": {
          "optional": true
        },
        "esbuild": {
          "optional": true
        },
        "jiti": {
          "optional": true
        },
        "less": {
          "optional": true
        },
        "sass": {
          "optional": true
        },
        "sass-embedded": {
          "optional": true
        },
        "stylus": {
          "optional": true
        },
        "sugarss": {
          "optional": true
        },
        "terser": {
          "optional": true
        },
        "tsx": {
          "optional": true
        },
        "yaml": {
          "optional": true
        }
      }
    }
  }
}
